
Microsoft Visual Studio Solution File, Format Version 12.00
# Visual Studio Version 16
VisualStudioVersion = 25.0.1705.5
MinimumVisualStudioVersion = 10.0.40219.1
Project("{FAE04EC0-301F-11D3-BF4B-00C04F79EFBC}") = "ProniaBE", "ProniaBE\ProniaBE.csproj", "{BC15ABE4-6ACF-49CA-986C-DF7699D814AF}"
EndProject
Global
	GlobalSection(SolutionConfigurationPlatforms) = preSolution
		Debug|Any CPU = Debug|Any CPU
		Release|Any CPU = Release|Any CPU
	EndGlobalSection
	GlobalSection(ProjectConfigurationPlatforms) = postSolution
		{BC15ABE4-6ACF-49CA-986C-DF7699D814AF}.Debug|Any CPU.ActiveCfg = Debug|Any CPU
		{BC15ABE4-6ACF-49CA-986C-DF7699D814AF}.Debug|Any CPU.Build.0 = Debug|Any CPU
		{BC15ABE4-6ACF-49CA-986C-DF7699D814AF}.Release|Any CPU.ActiveCfg = Release|Any CPU
		{BC15ABE4-6ACF-49CA-986C-DF7699D814AF}.Release|Any CPU.Build.0 = Release|Any CPU
	EndGlobalSection
	GlobalSection(SolutionProperties) = preSolution
		HideSolutionNode = FALSE
	EndGlobalSection
	GlobalSection(ExtensibilityGlobals) = postSolution
		SolutionGuid = {80DFF80D-06EE-46A6-8F4E-F1944CB93D6B}
	EndGlobalSection
EndGlobal
